// !$*UTF8*$!
{
	archiveVersion = 1;
	classes = {
	};
	objectVersion = 77;
	objects = {

/* Begin PBXContainerItemProxy section */
		C50146042D7123FF00EB9E60 /* PBXContainerItemProxy */ = {
			isa = PBXContainerItemProxy;
			containerPortal = C50145EB2D7123FD00EB9E60 /* Project object */;
			proxyType = 1;
			remoteGlobalIDString = C50145F22D7123FD00EB9E60;
			remoteInfo = Lab4;
		};
		C501460E2D7123FF00EB9E60 /* PBXContainerItemProxy */ = {
			isa = PBXContainerItemProxy;
			containerPortal = C50145EB2D7123FD00EB9E60 /* Project object */;
			proxyType = 1;
			remoteGlobalIDString = C50145F22D7123FD00EB9E60;
			remoteInfo = Lab4;
		};
/* End PBXContainerItemProxy section */

/* Begin PBXFileReference section */
		C50145F32D7123FD00EB9E60 /* Lab4.app */ = {isa = PBXFileReference; explicitFileType = wrapper.application; includeInIndex = 0; path = Lab4.app; sourceTree = BUILT_PRODUCTS_DIR; };
		C50146032D7123FF00EB9E60 /* Lab4Tests.xctest */ = {isa = PBXFileReference; explicitFileType = wrapper.cfbundle; includeInIndex = 0; path = Lab4Tests.xctest; sourceTree = BUILT_PRODUCTS_DIR; };
		C501460D2D7123FF00EB9E60 /* Lab4UITests.xctest */ = {isa = PBXFileReference; explicitFileType = wrapper.cfbundle; includeInIndex = 0; path = Lab4UITests.xctest; sourceTree = BUILT_PRODUCTS_DIR; };
/* End PBXFileReference section */

/* Begin PBXFileSystemSynchronizedRootGroup section */
		C50145F52D7123FD00EB9E60 /* Lab4 */ = {
			isa = PBXFileSystemSynchronizedRootGroup;
			path = Lab4;
			sourceTree = "<group>";
		};
		C50146062D7123FF00EB9E60 /* Lab4Tests */ = {
			isa = PBXFileSystemSynchronizedRootGroup;
			path = Lab4Tests;
			sourceTree = "<group>";
		};
		C50146102D7123FF00EB9E60 /* Lab4UITests */ = {
			isa = PBXFileSystemSynchronizedRootGroup;
			path = Lab4UITests;
			sourceTree = "<group>";
		};
/* End PBXFileSystemSynchronizedRootGroup section */

/* Begin PBXFrameworksBuildPhase section */
		C50145F02D7123FD00EB9E60 /* Frameworks */ = {
			isa = PBXFrameworksBuildPhase;
			buildActionMask = 2147483647;
			files = (
			);
			runOnlyForDeploymentPostprocessing = 0;
		};
		C50146002D7123FF00EB9E60 /* Frameworks */ = {
			isa = PBXFrameworksBuildPhase;
			buildActionMask = 2147483647;
			files = (
			);
			runOnlyForDeploymentPostprocessing = 0;
		};
		C501460A2D7123FF00EB9E60 /* Frameworks */ = {
			isa = PBXFrameworksBuildPhase;
			buildActionMask = 2147483647;
			files = (
			);
			runOnlyForDeploymentPostprocessing = 0;
		};
/* End PBXFrameworksBuildPhase section */

/* Begin PBXGroup section */
		C50145EA2D7123FD00EB9E60 = {
			isa = PBXGroup;
			children = (
				C50145F52D7123FD00EB9E60 /* Lab4 */,
				C50146062D7123FF00EB9E60 /* Lab4Tests */,
				C50146102D7123FF00EB9E60 /* Lab4UITests */,
				C50145F42D7123FD00EB9E60 /* Products */,
			);
			sourceTree = "<group>";
		};
		C50145F42D7123FD00EB9E60 /* Products */ = {
			isa = PBXGroup;
			children = (
				C50145F32D7123FD00EB9E60 /* Lab4.app */,
				C50146032D7123FF00EB9E60 /* Lab4Tests.xctest */,
				C501460D2D7123FF00EB9E60 /* Lab4UITests.xctest */,
			);
			name = Products;
			sourceTree = "<group>";
		};
/* End PBXGroup section */

/* Begin PBXNativeTarget section */
		C50145F22D7123FD00EB9E60 /* Lab4 */ = {
			isa = PBXNativeTarget;
			buildConfigurationList = C50146172D7123FF00EB9E60 /* Build configuration list for PBXNativeTarget "Lab4" */;
			buildPhases = (
				C50145EF2D7123FD00EB9E60 /* Sources */,
				C50145F02D7123FD00EB9E60 /* Frameworks */,
				C50145F12D7123FD00EB9E60 /* Resources */,
			);
			buildRules = (
			);
			dependencies = (
			);
			fileSystemSynchronizedGroups = (
				C50145F52D7123FD00EB9E60 /* Lab4 */,
			);
			name = Lab4;
			packageProductDependencies = (
			);
			productName = Lab4;
			productReference = C50145F32D7123FD00EB9E60 /* Lab4.app */;
			productType = "com.apple.product-type.application";
		};
		C50146022D7123FF00EB9E60 /* Lab4Tests */ = {
			isa = PBXNativeTarget;
			buildConfigurationList = C501461A2D7123FF00EB9E60 /* Build configuration list for PBXNativeTarget "Lab4Tests" */;
			buildPhases = (
				C50145FF2D7123FF00EB9E60 /* Sources */,
				C50146002D7123FF00EB9E60 /* Frameworks */,
				C50146012D7123FF00EB9E60 /* Resources */,
			);
			buildRules = (
			);
			dependencies = (
				C50146052D7123FF00EB9E60 /* PBXTargetDependency */,
			);
			fileSystemSynchronizedGroups = (
				C50146062D7123FF00EB9E60 /* Lab4Tests */,
			);
			name = Lab4Tests;
			packageProductDependencies = (
			);
			productName = Lab4Tests;
			productReference = C50146032D7123FF00EB9E60 /* Lab4Tests.xctest */;
			productType = "com.apple.product-type.bundle.unit-test";
		};
		C501460C2D7123FF00EB9E60 /* Lab4UITests */ = {
			isa = PBXNativeTarget;
			buildConfigurationList = C501461D2D7123FF00EB9E60 /* Build configuration list for PBXNativeTarget "Lab4UITests" */;
			buildPhases = (
				C50146092D7123FF00EB9E60 /* Sources */,
				C501460A2D7123FF00EB9E60 /* Frameworks */,
				C501460B2D7123FF00EB9E60 /* Resources */,
			);
			buildRules = (
			);
			dependencies = (
				C501460F2D7123FF00EB9E60 /* PBXTargetDependency */,
			);
			fileSystemSynchronizedGroups = (
				C50146102D7123FF00EB9E60 /* Lab4UITests */,
			);
			name = Lab4UITests;
			packageProductDependencies = (
			);
			productName = Lab4UITests;
			productReference = C501460D2D7123FF00EB9E60 /* Lab4UITests.xctest */;
			productType = "com.apple.product-type.bundle.ui-testing";
		};
/* End PBXNativeTarget section */

/* Begin PBXProject section */
		C50145EB2D7123FD00EB9E60 /* Project object */ = {
			isa = PBXProject;
			attributes = {
				BuildIndependentTargetsInParallel = 1;
				LastSwiftUpdateCheck = 1620;
				LastUpgradeCheck = 1620;
				TargetAttributes = {
					C50145F22D7123FD00EB9E60 = {
						CreatedOnToolsVersion = 16.2;
					};
					C50146022D7123FF00EB9E60 = {
						CreatedOnToolsVersion = 16.2;
						TestTargetID = C50145F22D7123FD00EB9E60;
					};
					C501460C2D7123FF00EB9E60 = {
						CreatedOnToolsVersion = 16.2;
						TestTargetID = C50145F22D7123FD00EB9E60;
					};
				};
			};
			buildConfigurationList = C50145EE2D7123FD00EB9E60 /* Build configuration list for PBXProject "Lab4" */;
			developmentRegion = en;
			hasScannedForEncodings = 0;
			knownRegions = (
				en,
				Base,
			);
			mainGroup = C50145EA2D7123FD00EB9E60;
			minimizedProjectReferenceProxies = 1;
			preferredProjectObjectVersion = 77;
			productRefGroup = C50145F42D7123FD00EB9E60 /* Products */;
			projectDirPath = "";
			projectRoot = "";
			targets = (
				C50145F22D7123FD00EB9E60 /* Lab4 */,
				C50146022D7123FF00EB9E60 /* Lab4Tests */,
				C501460C2D7123FF00EB9E60 /* Lab4UITests */,
			);
		};
/* End PBXProject section */

/* Begin PBXResourcesBuildPhase section */
		C50145F12D7123FD00EB9E60 /* Resources */ = {
			isa = PBXResourcesBuildPhase;
			buildActionMask = 2147483647;
			files = (
			);
			runOnlyForDeploymentPostprocessing = 0;
		};
		C50146012D7123FF00EB9E60 /* Resources */ = {
			isa = PBXResourcesBuildPhase;
			buildActionMask = 2147483647;
			files = (
			);
			runOnlyForDeploymentPostprocessing = 0;
		};
		C501460B2D7123FF00EB9E60 /* Resources */ = {
			isa = PBXResourcesBuildPhase;
			buildActionMask = 2147483647;
			files = (
			);
			runOnlyForDeploymentPostprocessing = 0;
		};
/* End PBXResourcesBuildPhase section */

/* Begin PBXSourcesBuildPhase section */
		C50145EF2D7123FD00EB9E60 /* Sources */ = {
			isa = PBXSourcesBuildPhase;
			buildActionMask = 2147483647;
			files = (
			);
			runOnlyForDeploymentPostprocessing = 0;
		};
		C50145FF2D7123FF00EB9E60 /* Sources */ = {
			isa = PBXSourcesBuildPhase;
			buildActionMask = 2147483647;
			files = (
			);
			runOnlyForDeploymentPostprocessing = 0;
		};
		C50146092D7123FF00EB9E60 /* Sources */ = {
			isa = PBXSourcesBuildPhase;
			buildActionMask = 2147483647;
			files = (
			);
			runOnlyForDeploymentPostprocessing = 0;
		};
/* End PBXSourcesBuildPhase section */

/* Begin PBXTargetDependency section */
		C50146052D7123FF00EB9E60 /* PBXTargetDependency */ = {
			isa = PBXTargetDependency;
			target = C50145F22D7123FD00EB9E60 /* Lab4 */;
			targetProxy = C50146042D7123FF00EB9E60 /* PBXContainerItemProxy */;
		};
		C501460F2D7123FF00EB9E60 /* PBXTargetDependency */ = {
			isa = PBXTargetDependency;
			target = C50145F22D7123FD00EB9E60 /* Lab4 */;
			targetProxy = C501460E2D7123FF00EB9E60 /* PBXContainerItemProxy */;
		};
/* End PBXTargetDependency section */

/* Begin XCBuildConfiguration section */
		C50146152D7123FF00EB9E60 /* Debug */ = {
			isa = XCBuildConfiguration;
			buildSettings = {
				ALWAYS_SEARCH_USER_PATHS = NO;
				ASSETCATALOG_COMPILER_GENERATE_SWIFT_ASSET_SYMBOL_EXTENSIONS = YES;
				CLANG_ANALYZER_NONNULL = YES;
				CLANG_ANALYZER_NUMBER_OBJECT_CONVERSION = YES_AGGRESSIVE;
				CLANG_CXX_LANGUAGE_STANDARD = "gnu++20";
				CLANG_ENABLE_MODULES = YES;
				CLANG_ENABLE_OBJC_ARC = YES;
				CLANG_ENABLE_OBJC_WEAK = YES;
				CLANG_WARN_BLOCK_CAPTURE_AUTORELEASING = YES;
				CLANG_WARN_BOOL_CONVERSION = YES;
				CLANG_WARN_COMMA = YES;
				CLANG_WARN_CONSTANT_CONVERSION = YES;
				CLANG_WARN_DEPRECATED_OBJC_IMPLEMENTATIONS = YES;
				CLANG_WARN_DIRECT_OBJC_ISA_USAGE = YES_ERROR;
				CLANG_WARN_DOCUMENTATION_COMMENTS = YES;
				CLANG_WARN_EMPTY_BODY = YES;
				CLANG_WARN_ENUM_CONVERSION = YES;
				CLANG_WARN_INFINITE_RECURSION = YES;
				CLANG_WARN_INT_CONVERSION = YES;
				CLANG_WARN_NON_LITERAL_NULL_CONVERSION = YES;
				CLANG_WARN_OBJC_IMPLICIT_RETAIN_SELF = YES;
				CLANG_WARN_OBJC_LITERAL_CONVERSION = YES;
				CLANG_WARN_OBJC_ROOT_CLASS = YES_ERROR;
				CLANG_WARN_QUOTED_INCLUDE_IN_FRAMEWORK_HEADER = YES;
				CLANG_WARN_RANGE_LOOP_ANALYSIS = YES;
				CLANG_WARN_STRICT_PROTOTYPES = YES;
				CLANG_WARN_SUSPICIOUS_MOVE = YES;
				CLANG_WARN_UNGUARDED_AVAILABILITY = YES_AGGRESSIVE;
				CLANG_WARN_UNREACHABLE_CODE = YES;
				CLANG_WARN__DUPLICATE_METHOD_MATCH = YES;
				COPY_PHASE_STRIP = NO;
				DEBUG_INFORMATION_FORMAT = dwarf;
				ENABLE_STRICT_OBJC_MSGSEND = YES;
				ENABLE_TESTABILITY = YES;
				ENABLE_USER_SCRIPT_SANDBOXING = YES;
				GCC_C_LANGUAGE_STANDARD = gnu17;
				GCC_DYNAMIC_NO_PIC = NO;
				GCC_NO_COMMON_BLOCKS = YES;
				GCC_OPTIMIZATION_LEVEL = 0;
				GCC_PREPROCESSOR_DEFINITIONS = (
					"DEBUG=1",
					"$(inherited)",
				);
				GCC_WARN_64_TO_32_BIT_CONVERSION = YES;
				GCC_WARN_ABOUT_RETURN_TYPE = YES_ERROR;
				GCC_WARN_UNDECLARED_SELECTOR = YES;
				GCC_WARN_UNINITIALIZED_AUTOS = YES_AGGRESSIVE;
				GCC_WARN_UNUSED_FUNCTION = YES;
				GCC_WARN_UNUSED_VARIABLE = YES;
				IPHONEOS_DEPLOYMENT_TARGET = 18.2;
				LOCALIZATION_PREFERS_STRING_CATALOGS = YES;
				MTL_ENABLE_DEBUG_INFO = INCLUDE_SOURCE;
				MTL_FAST_MATH = YES;
				ONLY_ACTIVE_ARCH = YES;
				SDKROOT = iphoneos;
				SWIFT_ACTIVE_COMPILATION_CONDITIONS = "DEBUG $(inherited)";
				SWIFT_OPTIMIZATION_LEVEL = "-Onone";
			};
			name = Debug;
		};
		C50146162D7123FF00EB9E60 /* Release */ = {
			isa = XCBuildConfiguration;
			buildSettings = {
				ALWAYS_SEARCH_USER_PATHS = NO;
				ASSETCATALOG_COMPILER_GENERATE_SWIFT_ASSET_SYMBOL_EXTENSIONS = YES;
				CLANG_ANALYZER_NONNULL = YES;
				CLANG_ANALYZER_NUMBER_OBJECT_CONVERSION = YES_AGGRESSIVE;
				CLANG_CXX_LANGUAGE_STANDARD = "gnu++20";
				CLANG_ENABLE_MODULES = YES;
				CLANG_ENABLE_OBJC_ARC = YES;
				CLANG_ENABLE_OBJC_WEAK = YES;
				CLANG_WARN_BLOCK_CAPTURE_AUTORELEASING = YES;
				CLANG_WARN_BOOL_CONVERSION = YES;
				CLANG_WARN_COMMA = YES;
				CLANG_WARN_CONSTANT_CONVERSION = YES;
				CLANG_WARN_DEPRECATED_OBJC_IMPLEMENTATIONS = YES;
				CLANG_WARN_DIRECT_OBJC_ISA_USAGE = YES_ERROR;
				CLANG_WARN_DOCUMENTATION_COMMENTS = YES;
				CLANG_WARN_EMPTY_BODY = YES;
				CLANG_WARN_ENUM_CONVERSION = YES;
				CLANG_WARN_INFINITE_RECURSION = YES;
				CLANG_WARN_INT_CONVERSION = YES;
				CLANG_WARN_NON_LITERAL_NULL_CONVERSION = YES;
				CLANG_WARN_OBJC_IMPLICIT_RETAIN_SELF = YES;
				CLANG_WARN_OBJC_LITERAL_CONVERSION = YES;
				CLANG_WARN_OBJC_ROOT_CLASS = YES_ERROR;
				CLANG_WARN_QUOTED_INCLUDE_IN_FRAMEWORK_HEADER = YES;
				CLANG_WARN_RANGE_LOOP_ANALYSIS = YES;
				CLANG_WARN_STRICT_PROTOTYPES = YES;
				CLANG_WARN_SUSPICIOUS_MOVE = YES;
				CLANG_WARN_UNGUARDED_AVAILABILITY = YES_AGGRESSIVE;
				CLANG_WARN_UNREACHABLE_CODE = YES;
				CLANG_WARN__DUPLICATE_METHOD_MATCH = YES;
				COPY_PHASE_STRIP = NO;
				DEBUG_INFORMATION_FORMAT = "dwarf-with-dsym";
				ENABLE_NS_ASSERTIONS = NO;
				ENABLE_STRICT_OBJC_MSGSEND = YES;
				ENABLE_USER_SCRIPT_SANDBOXING = YES;
				GCC_C_LANGUAGE_STANDARD = gnu17;
				GCC_NO_COMMON_BLOCKS = YES;
				GCC_WARN_64_TO_32_BIT_CONVERSION = YES;
				GCC_WARN_ABOUT_RETURN_TYPE = YES_ERROR;
				GCC_WARN_UNDECLARED_SELECTOR = YES;
				GCC_WARN_UNINITIALIZED_AUTOS = YES_AGGRESSIVE;
				GCC_WARN_UNUSED_FUNCTION = YES;
				GCC_WARN_UNUSED_VARIABLE = YES;
				IPHONEOS_DEPLOYMENT_TARGET = 18.2;
				LOCALIZATION_PREFERS_STRING_CATALOGS = YES;
				MTL_ENABLE_DEBUG_INFO = NO;
				MTL_FAST_MATH = YES;
				SDKROOT = iphoneos;
				SWIFT_COMPILATION_MODE = wholemodule;
				VALIDATE_PRODUCT = YES;
			};
			name = Release;
		};
		C50146182D7123FF00EB9E60 /* Debug */ = {
			isa = XCBuildConfiguration;
			buildSettings = {
				ASSETCATALOG_COMPILER_APPICON_NAME = AppIcon;
				ASSETCATALOG_COMPILER_GLOBAL_ACCENT_COLOR_NAME = AccentColor;
				CODE_SIGN_STYLE = Automatic;
				CURRENT_PROJECT_VERSION = 1;
				DEVELOPMENT_ASSET_PATHS = "\"Lab4/Preview Content\"";
				ENABLE_PREVIEWS = YES;
				GENERATE_INFOPLIST_FILE = YES;
				INFOPLIST_KEY_UIApplicationSceneManifest_Generation = YES;
				INFOPLIST_KEY_UIApplicationSupportsIndirectInputEvents = YES;
				INFOPLIST_KEY_UILaunchScreen_Generation = YES;
				INFOPLIST_KEY_UISupportedInterfaceOrientations_iPad = "UIInterfaceOrientationPortrait UIInterfaceOrientationPortraitUpsideDown UIInterfaceOrientationLandscapeLeft UIInterfaceOrientationLandscapeRight";
				INFOPLIST_KEY_UISupportedInterfaceOrientations_iPhone = "UIInterfaceOrientationPortrait UIInterfaceOrientationLandscapeLeft UIInterfaceOrientationLandscapeRight";
				LD_RUNPATH_SEARCH_PATHS = (
					"$(inherited)",
					"@executable_path/Frameworks",
				);
				MARKETING_VERSION = 1.0;
				PRODUCT_BUNDLE_IDENTIFIER = MaharshiPatel.Lab4;
				PRODUCT_NAME = "$(TARGET_NAME)";
				SWIFT_EMIT_LOC_STRINGS = YES;
				SWIFT_VERSION = 5.0;
				TARGETED_DEVICE_FAMILY = "1,2";
			};
			name = Debug;
		};
		C50146192D7123FF00EB9E60 /* Release */ = {
			isa = XCBuildConfiguration;
			buildSettings = {
				ASSETCATALOG_COMPILER_APPICON_NAME = AppIcon;
				ASSETCATALOG_COMPILER_GLOBAL_ACCENT_COLOR_NAME = AccentColor;
				CODE_SIGN_STYLE = Automatic;
				CURRENT_PROJECT_VERSION = 1;
				DEVELOPMENT_ASSET_PATHS = "\"Lab4/Preview Content\"";
				ENABLE_PREVIEWS = YES;
				GENERATE_INFOPLIST_FILE = YES;
				INFOPLIST_KEY_UIApplicationSceneManifest_Generation = YES;
				INFOPLIST_KEY_UIApplicationSupportsIndirectInputEvents = YES;
				INFOPLIST_KEY_UILaunchScreen_Generation = YES;
				INFOPLIST_KEY_UISupportedInterfaceOrientations_iPad = "UIInterfaceOrientationPortrait UIInterfaceOrientationPortraitUpsideDown UIInterfaceOrientationLandscapeLeft UIInterfaceOrientationLandscapeRight";
				INFOPLIST_KEY_UISupportedInterfaceOrientations_iPhone = "UIInterfaceOrientationPortrait UIInterfaceOrientationLandscapeLeft UIInterfaceOrientationLandscapeRight";
				LD_RUNPATH_SEARCH_PATHS = (
					"$(inherited)",
					"@executable_path/Frameworks",
				);
				MARKETING_VERSION = 1.0;
				PRODUCT_BUNDLE_IDENTIFIER = MaharshiPatel.Lab4;
				PRODUCT_NAME = "$(TARGET_NAME)";
				SWIFT_EMIT_LOC_STRINGS = YES;
				SWIFT_VERSION = 5.0;
				TARGETED_DEVICE_FAMILY = "1,2";
			};
			name = Release;
		};
		C501461B2D7123FF00EB9E60 /* Debug */ = {
			isa = XCBuildConfiguration;
			buildSettings = {
				BUNDLE_LOADER = "$(TEST_HOST)";
				CODE_SIGN_STYLE = Automatic;
				CURRENT_PROJECT_VERSION = 1;
				GENERATE_INFOPLIST_FILE = YES;
				IPHONEOS_DEPLOYMENT_TARGET = 18.2;
				MARKETING_VERSION = 1.0;
				PRODUCT_BUNDLE_IDENTIFIER = MaharshiPatel.Lab4Tests;
				PRODUCT_NAME = "$(TARGET_NAME)";
				SWIFT_EMIT_LOC_STRINGS = NO;
				SWIFT_VERSION = 5.0;
				TARGETED_DEVICE_FAMILY = "1,2";
				TEST_HOST = "$(BUILT_PRODUCTS_DIR)/Lab4.app/$(BUNDLE_EXECUTABLE_FOLDER_PATH)/Lab4";
			};
			name = Debug;
		};
		C501461C2D7123FF00EB9E60 /* Release */ = {
			isa = XCBuildConfiguration;
			buildSettings = {
				BUNDLE_LOADER = "$(TEST_HOST)";
				CODE_SIGN_STYLE = Automatic;
				CURRENT_PROJECT_VERSION = 1;
				GENERATE_INFOPLIST_FILE = YES;
				IPHONEOS_DEPLOYMENT_TARGET = 18.2;
				MARKETING_VERSION = 1.0;
				PRODUCT_BUNDLE_IDENTIFIER = MaharshiPatel.Lab4Tests;
				PRODUCT_NAME = "$(TARGET_NAME)";
				SWIFT_EMIT_LOC_STRINGS = NO;
				SWIFT_VERSION = 5.0;
				TARGETED_DEVICE_FAMILY = "1,2";
				TEST_HOST = "$(BUILT_PRODUCTS_DIR)/Lab4.app/$(BUNDLE_EXECUTABLE_FOLDER_PATH)/Lab4";
			};
			name = Release;
		};
		C501461E2D7123FF00EB9E60 /* Debug */ = {
			isa = XCBuildConfiguration;
			buildSettings = {
				CODE_SIGN_STYLE = Automatic;
				CURRENT_PROJECT_VERSION = 1;
				GENERATE_INFOPLIST_FILE = YES;
				MARKETING_VERSION = 1.0;
				PRODUCT_BUNDLE_IDENTIFIER = MaharshiPatel.Lab4UITests;
				PRODUCT_NAME = "$(TARGET_NAME)";
				SWIFT_EMIT_LOC_STRINGS = NO;
				SWIFT_VERSION = 5.0;
				TARGETED_DEVICE_FAMILY = "1,2";
				TEST_TARGET_NAME = Lab4;
			};
			name = Debug;
		};
		C501461F2D7123FF00EB9E60 /* Release */ = {
			isa = XCBuildConfiguration;
			buildSettings = {
				CODE_SIGN_STYLE = Automatic;
				CURRENT_PROJECT_VERSION = 1;
				GENERATE_INFOPLIST_FILE = YES;
				MARKETING_VERSION = 1.0;
				PRODUCT_BUNDLE_IDENTIFIER = MaharshiPatel.Lab4UITests;
				PRODUCT_NAME = "$(TARGET_NAME)";
				SWIFT_EMIT_LOC_STRINGS = NO;
				SWIFT_VERSION = 5.0;
				TARGETED_DEVICE_FAMILY = "1,2";
				TEST_TARGET_NAME = Lab4;
			};
			name = Release;
		};
/* End XCBuildConfiguration section */

/* Begin XCConfigurationList section */
		C50145EE2D7123FD00EB9E60 /* Build configuration list for PBXProject "Lab4" */ = {
			isa = XCConfigurationList;
			buildConfigurations = (
				C50146152D7123FF00EB9E60 /* Debug */,
				C50146162D7123FF00EB9E60 /* Release */,
			);
			defaultConfigurationIsVisible = 0;
			defaultConfigurationName = Release;
		};
		C50146172D7123FF00EB9E60 /* Build configuration list for PBXNativeTarget "Lab4" */ = {
			isa = XCConfigurationList;
			buildConfigurations = (
				C50146182D7123FF00EB9E60 /* Debug */,
				C50146192D7123FF00EB9E60 /* Release */,
			);
			defaultConfigurationIsVisible = 0;
			defaultConfigurationName = Release;
		};
		C501461A2D7123FF00EB9E60 /* Build configuration list for PBXNativeTarget "Lab4Tests" */ = {
			isa = XCConfigurationList;
			buildConfigurations = (
				C501461B2D7123FF00EB9E60 /* Debug */,
				C501461C2D7123FF00EB9E60 /* Release */,
			);
			defaultConfigurationIsVisible = 0;
			defaultConfigurationName = Release;
		};
		C501461D2D7123FF00EB9E60 /* Build configuration list for PBXNativeTarget "Lab4UITests" */ = {
			isa = XCConfigurationList;
			buildConfigurations = (
				C501461E2D7123FF00EB9E60 /* Debug */,
				C501461F2D7123FF00EB9E60 /* Release */,
			);
			defaultConfigurationIsVisible = 0;
			defaultConfigurationName = Release;
		};
/* End XCConfigurationList section */
	};
	rootObject = C50145EB2D7123FD00EB9E60 /* Project object */;
}
